
Microsoft Visual Studio Solution File, Format Version 12.00
# Visual Studio Version 17
VisualStudioVersion = 17.0.32126.317
MinimumVisualStudioVersion = 10.0.40219.1
Project("{FAE04EC0-301F-11D3-BF4B-00C04F79EFBC}") = "01.BakeryShop", "01.BakeryShop\01.BakeryShop.csproj", "{C7C9D079-9320-47F3-8591-DE1407FB03D3}"
EndProject
Project("{FAE04EC0-301F-11D3-BF4B-00C04F79EFBC}") = "02.BeaverAtWork", "02.BeaverAtWork\02.BeaverAtWork.csproj", "{09942416-77A6-453B-8407-D506731B3ECD}"
EndProject
Global
	GlobalSection(SolutionConfigurationPlatforms) = preSolution
		Debug|Any CPU = Debug|Any CPU
		Release|Any CPU = Release|Any CPU
	EndGlobalSection
	GlobalSection(ProjectConfigurationPlatforms) = postSolution
		{C7C9D079-9320-47F3-8591-DE1407FB03D3}.Debug|Any CPU.ActiveCfg = Debug|Any CPU
		{C7C9D079-9320-47F3-8591-DE1407FB03D3}.Debug|Any CPU.Build.0 = Debug|Any CPU
		{C7C9D079-9320-47F3-8591-DE1407FB03D3}.Release|Any CPU.ActiveCfg = Release|Any CPU
		{C7C9D079-9320-47F3-8591-DE1407FB03D3}.Release|Any CPU.Build.0 = Release|Any CPU
		{09942416-77A6-453B-8407-D506731B3ECD}.Debug|Any CPU.ActiveCfg = Debug|Any CPU
		{09942416-77A6-453B-8407-D506731B3ECD}.Debug|Any CPU.Build.0 = Debug|Any CPU
		{09942416-77A6-453B-8407-D506731B3ECD}.Release|Any CPU.ActiveCfg = Release|Any CPU
		{09942416-77A6-453B-8407-D506731B3ECD}.Release|Any CPU.Build.0 = Release|Any CPU
	EndGlobalSection
	GlobalSection(SolutionProperties) = preSolution
		HideSolutionNode = FALSE
	EndGlobalSection
	GlobalSection(ExtensibilityGlobals) = postSolution
		SolutionGuid = {D4E532F8-D5FE-4239-8441-3CE5C1A07A65}
	EndGlobalSection
EndGlobal
