
Microsoft Visual Studio Solution File, Format Version 12.00
# Visual Studio Version 17
VisualStudioVersion = 17.1.32210.238
MinimumVisualStudioVersion = 10.0.40219.1
Project("{FAE04EC0-301F-11D3-BF4B-00C04F79EFBC}") = "01.Shapes", "01.Shapes\01.Shapes.csproj", "{854D42FB-EF39-4211-9865-A3596541B8B5}"
EndProject
Project("{FAE04EC0-301F-11D3-BF4B-00C04F79EFBC}") = "02.Cars", "02.Cars\02.Cars.csproj", "{764E5DE2-8EFC-4CAA-8195-DA9E23936AC9}"
EndProject
Global
	GlobalSection(SolutionConfigurationPlatforms) = preSolution
		Debug|Any CPU = Debug|Any CPU
		Release|Any CPU = Release|Any CPU
	EndGlobalSection
	GlobalSection(ProjectConfigurationPlatforms) = postSolution
		{854D42FB-EF39-4211-9865-A3596541B8B5}.Debug|Any CPU.ActiveCfg = Debug|Any CPU
		{854D42FB-EF39-4211-9865-A3596541B8B5}.Debug|Any CPU.Build.0 = Debug|Any CPU
		{854D42FB-EF39-4211-9865-A3596541B8B5}.Release|Any CPU.ActiveCfg = Release|Any CPU
		{854D42FB-EF39-4211-9865-A3596541B8B5}.Release|Any CPU.Build.0 = Release|Any CPU
		{764E5DE2-8EFC-4CAA-8195-DA9E23936AC9}.Debug|Any CPU.ActiveCfg = Debug|Any CPU
		{764E5DE2-8EFC-4CAA-8195-DA9E23936AC9}.Debug|Any CPU.Build.0 = Debug|Any CPU
		{764E5DE2-8EFC-4CAA-8195-DA9E23936AC9}.Release|Any CPU.ActiveCfg = Release|Any CPU
		{764E5DE2-8EFC-4CAA-8195-DA9E23936AC9}.Release|Any CPU.Build.0 = Release|Any CPU
	EndGlobalSection
	GlobalSection(SolutionProperties) = preSolution
		HideSolutionNode = FALSE
	EndGlobalSection
	GlobalSection(ExtensibilityGlobals) = postSolution
		SolutionGuid = {07B7B0E6-5E6E-421D-992A-808A8316A97F}
	EndGlobalSection
EndGlobal
