
Microsoft Visual Studio Solution File, Format Version 12.00
# Visual Studio Version 17
VisualStudioVersion = 17.0.32014.148
MinimumVisualStudioVersion = 10.0.40219.1
Project("{FAE04EC0-301F-11D3-BF4B-00C04F79EFBC}") = "01.Ages", "01.Ages\01.Ages.csproj", "{06F72763-A3DC-4C6A-B9BB-3580FB8E2CA5}"
EndProject
Global
	GlobalSection(SolutionConfigurationPlatforms) = preSolution
		Debug|Any CPU = Debug|Any CPU
		Release|Any CPU = Release|Any CPU
	EndGlobalSection
	GlobalSection(ProjectConfigurationPlatforms) = postSolution
		{06F72763-A3DC-4C6A-B9BB-3580FB8E2CA5}.Debug|Any CPU.ActiveCfg = Debug|Any CPU
		{06F72763-A3DC-4C6A-B9BB-3580FB8E2CA5}.Debug|Any CPU.Build.0 = Debug|Any CPU
		{06F72763-A3DC-4C6A-B9BB-3580FB8E2CA5}.Release|Any CPU.ActiveCfg = Release|Any CPU
		{06F72763-A3DC-4C6A-B9BB-3580FB8E2CA5}.Release|Any CPU.Build.0 = Release|Any CPU
	EndGlobalSection
	GlobalSection(SolutionProperties) = preSolution
		HideSolutionNode = FALSE
	EndGlobalSection
	GlobalSection(ExtensibilityGlobals) = postSolution
		SolutionGuid = {DD386552-1535-47E3-AE6D-048DE5E513E1}
	EndGlobalSection
EndGlobal
