
Microsoft Visual Studio Solution File, Format Version 12.00
# Visual Studio Version 17
VisualStudioVersion = 17.0.32014.148
MinimumVisualStudioVersion = 10.0.40219.1
Project("{FAE04EC0-301F-11D3-BF4B-00C04F79EFBC}") = "05.SpecialNumbers", "05.SpecialNumbers\05.SpecialNumbers.csproj", "{875DD6B9-A82F-4B8A-8CAB-AFC45AACB6BD}"
EndProject
Global
	GlobalSection(SolutionConfigurationPlatforms) = preSolution
		Debug|Any CPU = Debug|Any CPU
		Release|Any CPU = Release|Any CPU
	EndGlobalSection
	GlobalSection(ProjectConfigurationPlatforms) = postSolution
		{875DD6B9-A82F-4B8A-8CAB-AFC45AACB6BD}.Debug|Any CPU.ActiveCfg = Debug|Any CPU
		{875DD6B9-A82F-4B8A-8CAB-AFC45AACB6BD}.Debug|Any CPU.Build.0 = Debug|Any CPU
		{875DD6B9-A82F-4B8A-8CAB-AFC45AACB6BD}.Release|Any CPU.ActiveCfg = Release|Any CPU
		{875DD6B9-A82F-4B8A-8CAB-AFC45AACB6BD}.Release|Any CPU.Build.0 = Release|Any CPU
	EndGlobalSection
	GlobalSection(SolutionProperties) = preSolution
		HideSolutionNode = FALSE
	EndGlobalSection
	GlobalSection(ExtensibilityGlobals) = postSolution
		SolutionGuid = {1BD8EA50-6AF9-40AA-97B3-9A91D866668E}
	EndGlobalSection
EndGlobal
