
Microsoft Visual Studio Solution File, Format Version 12.00
# Visual Studio Version 17
VisualStudioVersion = 17.0.32126.317
MinimumVisualStudioVersion = 10.0.40219.1
Project("{FAE04EC0-301F-11D3-BF4B-00C04F79EFBC}") = "01.FlowerWreaths", "01.FlowerWreaths\01.FlowerWreaths.csproj", "{D0307A4C-B290-4264-9034-8E333F0C2148}"
EndProject
Project("{FAE04EC0-301F-11D3-BF4B-00C04F79EFBC}") = "02.Bee", "02.Bee\02.Bee.csproj", "{86B4A479-F15A-43F5-AF03-876B33BB3433}"
EndProject
Global
	GlobalSection(SolutionConfigurationPlatforms) = preSolution
		Debug|Any CPU = Debug|Any CPU
		Release|Any CPU = Release|Any CPU
	EndGlobalSection
	GlobalSection(ProjectConfigurationPlatforms) = postSolution
		{D0307A4C-B290-4264-9034-8E333F0C2148}.Debug|Any CPU.ActiveCfg = Debug|Any CPU
		{D0307A4C-B290-4264-9034-8E333F0C2148}.Debug|Any CPU.Build.0 = Debug|Any CPU
		{D0307A4C-B290-4264-9034-8E333F0C2148}.Release|Any CPU.ActiveCfg = Release|Any CPU
		{D0307A4C-B290-4264-9034-8E333F0C2148}.Release|Any CPU.Build.0 = Release|Any CPU
		{86B4A479-F15A-43F5-AF03-876B33BB3433}.Debug|Any CPU.ActiveCfg = Debug|Any CPU
		{86B4A479-F15A-43F5-AF03-876B33BB3433}.Debug|Any CPU.Build.0 = Debug|Any CPU
		{86B4A479-F15A-43F5-AF03-876B33BB3433}.Release|Any CPU.ActiveCfg = Release|Any CPU
		{86B4A479-F15A-43F5-AF03-876B33BB3433}.Release|Any CPU.Build.0 = Release|Any CPU
	EndGlobalSection
	GlobalSection(SolutionProperties) = preSolution
		HideSolutionNode = FALSE
	EndGlobalSection
	GlobalSection(ExtensibilityGlobals) = postSolution
		SolutionGuid = {E412D77F-F7DE-4CA0-ADAB-163A2ABD3EE0}
	EndGlobalSection
EndGlobal
