
Microsoft Visual Studio Solution File, Format Version 12.00
# Visual Studio Version 17
VisualStudioVersion = 17.0.32014.148
MinimumVisualStudioVersion = 10.0.40219.1
Project("{FAE04EC0-301F-11D3-BF4B-00C04F79EFBC}") = "09.PadwanEquipment", "09.PadwanEquipment\09.PadwanEquipment.csproj", "{7AA85BE8-17A8-4845-8AC0-DAD74F0D52D8}"
EndProject
Global
	GlobalSection(SolutionConfigurationPlatforms) = preSolution
		Debug|Any CPU = Debug|Any CPU
		Release|Any CPU = Release|Any CPU
	EndGlobalSection
	GlobalSection(ProjectConfigurationPlatforms) = postSolution
		{7AA85BE8-17A8-4845-8AC0-DAD74F0D52D8}.Debug|Any CPU.ActiveCfg = Debug|Any CPU
		{7AA85BE8-17A8-4845-8AC0-DAD74F0D52D8}.Debug|Any CPU.Build.0 = Debug|Any CPU
		{7AA85BE8-17A8-4845-8AC0-DAD74F0D52D8}.Release|Any CPU.ActiveCfg = Release|Any CPU
		{7AA85BE8-17A8-4845-8AC0-DAD74F0D52D8}.Release|Any CPU.Build.0 = Release|Any CPU
	EndGlobalSection
	GlobalSection(SolutionProperties) = preSolution
		HideSolutionNode = FALSE
	EndGlobalSection
	GlobalSection(ExtensibilityGlobals) = postSolution
		SolutionGuid = {2981E2E7-6560-46E5-A2BA-DB1472337D6E}
	EndGlobalSection
EndGlobal
