
Microsoft Visual Studio Solution File, Format Version 12.00
# Visual Studio Version 17
VisualStudioVersion = 17.5.33530.505
MinimumVisualStudioVersion = 10.0.40219.1
Project("{FAE04EC0-301F-11D3-BF4B-00C04F79EFBC}") = "05. Defining Classes", "05. Defining Classes\05. Defining Classes.csproj", "{03C414AA-97D2-43DE-AFC3-140D7E4E7905}"
EndProject
Global
	GlobalSection(SolutionConfigurationPlatforms) = preSolution
		Debug|Any CPU = Debug|Any CPU
		Release|Any CPU = Release|Any CPU
	EndGlobalSection
	GlobalSection(ProjectConfigurationPlatforms) = postSolution
		{03C414AA-97D2-43DE-AFC3-140D7E4E7905}.Debug|Any CPU.ActiveCfg = Debug|Any CPU
		{03C414AA-97D2-43DE-AFC3-140D7E4E7905}.Debug|Any CPU.Build.0 = Debug|Any CPU
		{03C414AA-97D2-43DE-AFC3-140D7E4E7905}.Release|Any CPU.ActiveCfg = Release|Any CPU
		{03C414AA-97D2-43DE-AFC3-140D7E4E7905}.Release|Any CPU.Build.0 = Release|Any CPU
	EndGlobalSection
	GlobalSection(SolutionProperties) = preSolution
		HideSolutionNode = FALSE
	EndGlobalSection
	GlobalSection(ExtensibilityGlobals) = postSolution
		SolutionGuid = {1FA581A1-E206-438C-BC15-304715848284}
	EndGlobalSection
EndGlobal
