
Microsoft Visual Studio Solution File, Format Version 12.00
# Visual Studio Version 17
VisualStudioVersion = 17.0.32014.148
MinimumVisualStudioVersion = 10.0.40219.1
Project("{FAE04EC0-301F-11D3-BF4B-00C04F79EFBC}") = "01.ReverseStrings", "01.ReverseStrings\01.ReverseStrings.csproj", "{D961B9FB-9728-4CCE-A64A-593BC6AC3B85}"
EndProject
Project("{FAE04EC0-301F-11D3-BF4B-00C04F79EFBC}") = "02.RepeatStrings", "02.RepeatStrings\02.RepeatStrings.csproj", "{BB0E989B-66CD-421A-98FA-555213D7F17D}"
EndProject
Project("{FAE04EC0-301F-11D3-BF4B-00C04F79EFBC}") = "03.Substring", "03.Substring\03.Substring.csproj", "{3CBCFEE3-00A6-46CF-ABB1-25A802F855E7}"
EndProject
Project("{FAE04EC0-301F-11D3-BF4B-00C04F79EFBC}") = "04.TextFilter", "04.TextFilter\04.TextFilter.csproj", "{82B04A13-4AF3-442A-9C5F-86E0BF5B3BB6}"
EndProject
Project("{FAE04EC0-301F-11D3-BF4B-00C04F79EFBC}") = "05.DigitsLettersAndOther", "05.DigitsLettersAndOther\05.DigitsLettersAndOther.csproj", "{AB191956-55EC-42E3-9764-281599ECD977}"
EndProject
Global
	GlobalSection(SolutionConfigurationPlatforms) = preSolution
		Debug|Any CPU = Debug|Any CPU
		Release|Any CPU = Release|Any CPU
	EndGlobalSection
	GlobalSection(ProjectConfigurationPlatforms) = postSolution
		{D961B9FB-9728-4CCE-A64A-593BC6AC3B85}.Debug|Any CPU.ActiveCfg = Debug|Any CPU
		{D961B9FB-9728-4CCE-A64A-593BC6AC3B85}.Debug|Any CPU.Build.0 = Debug|Any CPU
		{D961B9FB-9728-4CCE-A64A-593BC6AC3B85}.Release|Any CPU.ActiveCfg = Release|Any CPU
		{D961B9FB-9728-4CCE-A64A-593BC6AC3B85}.Release|Any CPU.Build.0 = Release|Any CPU
		{BB0E989B-66CD-421A-98FA-555213D7F17D}.Debug|Any CPU.ActiveCfg = Debug|Any CPU
		{BB0E989B-66CD-421A-98FA-555213D7F17D}.Debug|Any CPU.Build.0 = Debug|Any CPU
		{BB0E989B-66CD-421A-98FA-555213D7F17D}.Release|Any CPU.ActiveCfg = Release|Any CPU
		{BB0E989B-66CD-421A-98FA-555213D7F17D}.Release|Any CPU.Build.0 = Release|Any CPU
		{3CBCFEE3-00A6-46CF-ABB1-25A802F855E7}.Debug|Any CPU.ActiveCfg = Debug|Any CPU
		{3CBCFEE3-00A6-46CF-ABB1-25A802F855E7}.Debug|Any CPU.Build.0 = Debug|Any CPU
		{3CBCFEE3-00A6-46CF-ABB1-25A802F855E7}.Release|Any CPU.ActiveCfg = Release|Any CPU
		{3CBCFEE3-00A6-46CF-ABB1-25A802F855E7}.Release|Any CPU.Build.0 = Release|Any CPU
		{82B04A13-4AF3-442A-9C5F-86E0BF5B3BB6}.Debug|Any CPU.ActiveCfg = Debug|Any CPU
		{82B04A13-4AF3-442A-9C5F-86E0BF5B3BB6}.Debug|Any CPU.Build.0 = Debug|Any CPU
		{82B04A13-4AF3-442A-9C5F-86E0BF5B3BB6}.Release|Any CPU.ActiveCfg = Release|Any CPU
		{82B04A13-4AF3-442A-9C5F-86E0BF5B3BB6}.Release|Any CPU.Build.0 = Release|Any CPU
		{AB191956-55EC-42E3-9764-281599ECD977}.Debug|Any CPU.ActiveCfg = Debug|Any CPU
		{AB191956-55EC-42E3-9764-281599ECD977}.Debug|Any CPU.Build.0 = Debug|Any CPU
		{AB191956-55EC-42E3-9764-281599ECD977}.Release|Any CPU.ActiveCfg = Release|Any CPU
		{AB191956-55EC-42E3-9764-281599ECD977}.Release|Any CPU.Build.0 = Release|Any CPU
	EndGlobalSection
	GlobalSection(SolutionProperties) = preSolution
		HideSolutionNode = FALSE
	EndGlobalSection
	GlobalSection(ExtensibilityGlobals) = postSolution
		SolutionGuid = {D8EDF5DE-BFEC-4021-A5D0-1183A213C886}
	EndGlobalSection
EndGlobal
