
Microsoft Visual Studio Solution File, Format Version 12.00
# Visual Studio Version 17
VisualStudioVersion = 17.0.32014.148
MinimumVisualStudioVersion = 10.0.40219.1
Project("{FAE04EC0-301F-11D3-BF4B-00C04F79EFBC}") = "08.TownInfo", "08.TownInfo\08.TownInfo.csproj", "{C43A11E2-CECF-4C72-844F-413696B98D20}"
EndProject
Global
	GlobalSection(SolutionConfigurationPlatforms) = preSolution
		Debug|Any CPU = Debug|Any CPU
		Release|Any CPU = Release|Any CPU
	EndGlobalSection
	GlobalSection(ProjectConfigurationPlatforms) = postSolution
		{C43A11E2-CECF-4C72-844F-413696B98D20}.Debug|Any CPU.ActiveCfg = Debug|Any CPU
		{C43A11E2-CECF-4C72-844F-413696B98D20}.Debug|Any CPU.Build.0 = Debug|Any CPU
		{C43A11E2-CECF-4C72-844F-413696B98D20}.Release|Any CPU.ActiveCfg = Release|Any CPU
		{C43A11E2-CECF-4C72-844F-413696B98D20}.Release|Any CPU.Build.0 = Release|Any CPU
	EndGlobalSection
	GlobalSection(SolutionProperties) = preSolution
		HideSolutionNode = FALSE
	EndGlobalSection
	GlobalSection(ExtensibilityGlobals) = postSolution
		SolutionGuid = {EF8DBBE8-B73A-4A9F-A4E0-CCB0F93B8E79}
	EndGlobalSection
EndGlobal
