
Microsoft Visual Studio Solution File, Format Version 12.00
# Visual Studio Version 17
VisualStudioVersion = 17.0.32126.317
MinimumVisualStudioVersion = 10.0.40219.1
Project("{FAE04EC0-301F-11D3-BF4B-00C04F79EFBC}") = "01.TheFightForGondor", "01.TheFightForGondor\01.TheFightForGondor.csproj", "{C23234A2-302E-41C0-8CA5-3914B6AD86D2}"
EndProject
Project("{FAE04EC0-301F-11D3-BF4B-00C04F79EFBC}") = "02.Warships", "02.Warships\02.Warships.csproj", "{CD8492A5-2322-4272-B741-3C074A141450}"
EndProject
Global
	GlobalSection(SolutionConfigurationPlatforms) = preSolution
		Debug|Any CPU = Debug|Any CPU
		Release|Any CPU = Release|Any CPU
	EndGlobalSection
	GlobalSection(ProjectConfigurationPlatforms) = postSolution
		{C23234A2-302E-41C0-8CA5-3914B6AD86D2}.Debug|Any CPU.ActiveCfg = Debug|Any CPU
		{C23234A2-302E-41C0-8CA5-3914B6AD86D2}.Debug|Any CPU.Build.0 = Debug|Any CPU
		{C23234A2-302E-41C0-8CA5-3914B6AD86D2}.Release|Any CPU.ActiveCfg = Release|Any CPU
		{C23234A2-302E-41C0-8CA5-3914B6AD86D2}.Release|Any CPU.Build.0 = Release|Any CPU
		{CD8492A5-2322-4272-B741-3C074A141450}.Debug|Any CPU.ActiveCfg = Debug|Any CPU
		{CD8492A5-2322-4272-B741-3C074A141450}.Debug|Any CPU.Build.0 = Debug|Any CPU
		{CD8492A5-2322-4272-B741-3C074A141450}.Release|Any CPU.ActiveCfg = Release|Any CPU
		{CD8492A5-2322-4272-B741-3C074A141450}.Release|Any CPU.Build.0 = Release|Any CPU
	EndGlobalSection
	GlobalSection(SolutionProperties) = preSolution
		HideSolutionNode = FALSE
	EndGlobalSection
	GlobalSection(ExtensibilityGlobals) = postSolution
		SolutionGuid = {8A650771-3700-4B2F-9C20-3FC222E40296}
	EndGlobalSection
EndGlobal
