
Microsoft Visual Studio Solution File, Format Version 12.00
# Visual Studio Version 17
VisualStudioVersion = 17.0.32112.339
MinimumVisualStudioVersion = 10.0.40219.1
Project("{FAE04EC0-301F-11D3-BF4B-00C04F79EFBC}") = "Generic Box", "Generic Box\Generic Box.csproj", "{7F61AD38-E20D-46E8-9B65-D2799A4CF2C9}"
EndProject
Project("{FAE04EC0-301F-11D3-BF4B-00C04F79EFBC}") = "Generics", "Generics\Generics.csproj", "{9EE0B904-CA8F-46F1-B01B-2C10501B013A}"
EndProject
Global
	GlobalSection(SolutionConfigurationPlatforms) = preSolution
		Debug|Any CPU = Debug|Any CPU
		Release|Any CPU = Release|Any CPU
	EndGlobalSection
	GlobalSection(ProjectConfigurationPlatforms) = postSolution
		{7F61AD38-E20D-46E8-9B65-D2799A4CF2C9}.Debug|Any CPU.ActiveCfg = Debug|Any CPU
		{7F61AD38-E20D-46E8-9B65-D2799A4CF2C9}.Debug|Any CPU.Build.0 = Debug|Any CPU
		{7F61AD38-E20D-46E8-9B65-D2799A4CF2C9}.Release|Any CPU.ActiveCfg = Release|Any CPU
		{7F61AD38-E20D-46E8-9B65-D2799A4CF2C9}.Release|Any CPU.Build.0 = Release|Any CPU
		{9EE0B904-CA8F-46F1-B01B-2C10501B013A}.Debug|Any CPU.ActiveCfg = Debug|Any CPU
		{9EE0B904-CA8F-46F1-B01B-2C10501B013A}.Debug|Any CPU.Build.0 = Debug|Any CPU
		{9EE0B904-CA8F-46F1-B01B-2C10501B013A}.Release|Any CPU.ActiveCfg = Release|Any CPU
		{9EE0B904-CA8F-46F1-B01B-2C10501B013A}.Release|Any CPU.Build.0 = Release|Any CPU
	EndGlobalSection
	GlobalSection(SolutionProperties) = preSolution
		HideSolutionNode = FALSE
	EndGlobalSection
	GlobalSection(ExtensibilityGlobals) = postSolution
		SolutionGuid = {F23FAED7-4D3E-4858-ABAD-C97C9C6F5982}
	EndGlobalSection
EndGlobal
