
Microsoft Visual Studio Solution File, Format Version 12.00
# Visual Studio Version 17
VisualStudioVersion = 17.0.32112.339
MinimumVisualStudioVersion = 10.0.40219.1
Project("{FAE04EC0-301F-11D3-BF4B-00C04F79EFBC}") = "01.SumMatrixElements", "01.SumMatrixElements\01.SumMatrixElements.csproj", "{AC3A5D59-028A-4BB1-ABD0-3211A05CD39B}"
EndProject
Project("{FAE04EC0-301F-11D3-BF4B-00C04F79EFBC}") = "02.SumMatrixColumns", "02.SumMatrixColumns\02.SumMatrixColumns.csproj", "{1EA4EF04-FBFC-4F1C-9559-EF4C2F96767C}"
EndProject
Project("{FAE04EC0-301F-11D3-BF4B-00C04F79EFBC}") = "05.SquareWithMaximumSum", "05.SquareWithMaximumSum\05.SquareWithMaximumSum.csproj", "{447E69A6-A481-4744-9059-38C7B38EDDE7}"
EndProject
Project("{FAE04EC0-301F-11D3-BF4B-00C04F79EFBC}") = "3.PrimaryDiagonal", "3.PrimaryDiagonal\3.PrimaryDiagonal.csproj", "{D6E2CFCE-7FE9-4A89-8441-C386C799AF5B}"
EndProject
Project("{FAE04EC0-301F-11D3-BF4B-00C04F79EFBC}") = "04.SymbolInMatrix", "04.SymbolInMatrix\04.SymbolInMatrix.csproj", "{0073A4E0-7348-4EA7-9732-FA698A1A44BE}"
EndProject
Project("{FAE04EC0-301F-11D3-BF4B-00C04F79EFBC}") = "06.JaggedArrayModification", "06.JaggedArrayModification\06.JaggedArrayModification.csproj", "{3D0863A3-A763-4540-9944-5D3AEF98ACE1}"
EndProject
Project("{FAE04EC0-301F-11D3-BF4B-00C04F79EFBC}") = "07.PascalTriangle", "07.PascalTriangle\07.PascalTriangle.csproj", "{7C67A494-11D1-4EBD-806B-553FB1D17D79}"
EndProject
Global
	GlobalSection(SolutionConfigurationPlatforms) = preSolution
		Debug|Any CPU = Debug|Any CPU
		Release|Any CPU = Release|Any CPU
	EndGlobalSection
	GlobalSection(ProjectConfigurationPlatforms) = postSolution
		{AC3A5D59-028A-4BB1-ABD0-3211A05CD39B}.Debug|Any CPU.ActiveCfg = Debug|Any CPU
		{AC3A5D59-028A-4BB1-ABD0-3211A05CD39B}.Debug|Any CPU.Build.0 = Debug|Any CPU
		{AC3A5D59-028A-4BB1-ABD0-3211A05CD39B}.Release|Any CPU.ActiveCfg = Release|Any CPU
		{AC3A5D59-028A-4BB1-ABD0-3211A05CD39B}.Release|Any CPU.Build.0 = Release|Any CPU
		{1EA4EF04-FBFC-4F1C-9559-EF4C2F96767C}.Debug|Any CPU.ActiveCfg = Debug|Any CPU
		{1EA4EF04-FBFC-4F1C-9559-EF4C2F96767C}.Debug|Any CPU.Build.0 = Debug|Any CPU
		{1EA4EF04-FBFC-4F1C-9559-EF4C2F96767C}.Release|Any CPU.ActiveCfg = Release|Any CPU
		{1EA4EF04-FBFC-4F1C-9559-EF4C2F96767C}.Release|Any CPU.Build.0 = Release|Any CPU
		{447E69A6-A481-4744-9059-38C7B38EDDE7}.Debug|Any CPU.ActiveCfg = Debug|Any CPU
		{447E69A6-A481-4744-9059-38C7B38EDDE7}.Debug|Any CPU.Build.0 = Debug|Any CPU
		{447E69A6-A481-4744-9059-38C7B38EDDE7}.Release|Any CPU.ActiveCfg = Release|Any CPU
		{447E69A6-A481-4744-9059-38C7B38EDDE7}.Release|Any CPU.Build.0 = Release|Any CPU
		{D6E2CFCE-7FE9-4A89-8441-C386C799AF5B}.Debug|Any CPU.ActiveCfg = Debug|Any CPU
		{D6E2CFCE-7FE9-4A89-8441-C386C799AF5B}.Debug|Any CPU.Build.0 = Debug|Any CPU
		{D6E2CFCE-7FE9-4A89-8441-C386C799AF5B}.Release|Any CPU.ActiveCfg = Release|Any CPU
		{D6E2CFCE-7FE9-4A89-8441-C386C799AF5B}.Release|Any CPU.Build.0 = Release|Any CPU
		{0073A4E0-7348-4EA7-9732-FA698A1A44BE}.Debug|Any CPU.ActiveCfg = Debug|Any CPU
		{0073A4E0-7348-4EA7-9732-FA698A1A44BE}.Debug|Any CPU.Build.0 = Debug|Any CPU
		{0073A4E0-7348-4EA7-9732-FA698A1A44BE}.Release|Any CPU.ActiveCfg = Release|Any CPU
		{0073A4E0-7348-4EA7-9732-FA698A1A44BE}.Release|Any CPU.Build.0 = Release|Any CPU
		{3D0863A3-A763-4540-9944-5D3AEF98ACE1}.Debug|Any CPU.ActiveCfg = Debug|Any CPU
		{3D0863A3-A763-4540-9944-5D3AEF98ACE1}.Debug|Any CPU.Build.0 = Debug|Any CPU
		{3D0863A3-A763-4540-9944-5D3AEF98ACE1}.Release|Any CPU.ActiveCfg = Release|Any CPU
		{3D0863A3-A763-4540-9944-5D3AEF98ACE1}.Release|Any CPU.Build.0 = Release|Any CPU
		{7C67A494-11D1-4EBD-806B-553FB1D17D79}.Debug|Any CPU.ActiveCfg = Debug|Any CPU
		{7C67A494-11D1-4EBD-806B-553FB1D17D79}.Debug|Any CPU.Build.0 = Debug|Any CPU
		{7C67A494-11D1-4EBD-806B-553FB1D17D79}.Release|Any CPU.ActiveCfg = Release|Any CPU
		{7C67A494-11D1-4EBD-806B-553FB1D17D79}.Release|Any CPU.Build.0 = Release|Any CPU
	EndGlobalSection
	GlobalSection(SolutionProperties) = preSolution
		HideSolutionNode = FALSE
	EndGlobalSection
	GlobalSection(ExtensibilityGlobals) = postSolution
		SolutionGuid = {1A4B706B-9DE7-4444-A61F-DDCF0869C4BF}
	EndGlobalSection
EndGlobal
