
Microsoft Visual Studio Solution File, Format Version 12.00
# Visual Studio Version 17
VisualStudioVersion = 17.0.32014.148
MinimumVisualStudioVersion = 10.0.40219.1
Project("{FAE04EC0-301F-11D3-BF4B-00C04F79EFBC}") = "10.Pokemon", "10.Pokemon\10.Pokemon.csproj", "{398FF53F-94EC-4372-94E0-2B3328E5346D}"
EndProject
Global
	GlobalSection(SolutionConfigurationPlatforms) = preSolution
		Debug|Any CPU = Debug|Any CPU
		Release|Any CPU = Release|Any CPU
	EndGlobalSection
	GlobalSection(ProjectConfigurationPlatforms) = postSolution
		{398FF53F-94EC-4372-94E0-2B3328E5346D}.Debug|Any CPU.ActiveCfg = Debug|Any CPU
		{398FF53F-94EC-4372-94E0-2B3328E5346D}.Debug|Any CPU.Build.0 = Debug|Any CPU
		{398FF53F-94EC-4372-94E0-2B3328E5346D}.Release|Any CPU.ActiveCfg = Release|Any CPU
		{398FF53F-94EC-4372-94E0-2B3328E5346D}.Release|Any CPU.Build.0 = Release|Any CPU
	EndGlobalSection
	GlobalSection(SolutionProperties) = preSolution
		HideSolutionNode = FALSE
	EndGlobalSection
	GlobalSection(ExtensibilityGlobals) = postSolution
		SolutionGuid = {AFDA8384-64E7-4FBF-A67E-35EE67D7B71D}
	EndGlobalSection
EndGlobal
