
Microsoft Visual Studio Solution File, Format Version 12.00
# Visual Studio Version 17
VisualStudioVersion = 17.0.32126.317
MinimumVisualStudioVersion = 10.0.40219.1
Project("{FAE04EC0-301F-11D3-BF4B-00C04F79EFBC}") = "01.Cooking", "01.Cooking\01.Cooking.csproj", "{5D5FCF57-9939-46FD-9711-EE71F6F23543}"
EndProject
Global
	GlobalSection(SolutionConfigurationPlatforms) = preSolution
		Debug|Any CPU = Debug|Any CPU
		Release|Any CPU = Release|Any CPU
	EndGlobalSection
	GlobalSection(ProjectConfigurationPlatforms) = postSolution
		{5D5FCF57-9939-46FD-9711-EE71F6F23543}.Debug|Any CPU.ActiveCfg = Debug|Any CPU
		{5D5FCF57-9939-46FD-9711-EE71F6F23543}.Debug|Any CPU.Build.0 = Debug|Any CPU
		{5D5FCF57-9939-46FD-9711-EE71F6F23543}.Release|Any CPU.ActiveCfg = Release|Any CPU
		{5D5FCF57-9939-46FD-9711-EE71F6F23543}.Release|Any CPU.Build.0 = Release|Any CPU
	EndGlobalSection
	GlobalSection(SolutionProperties) = preSolution
		HideSolutionNode = FALSE
	EndGlobalSection
	GlobalSection(ExtensibilityGlobals) = postSolution
		SolutionGuid = {FDD8B601-43BE-41C0-BF97-4191BED7859E}
	EndGlobalSection
EndGlobal
