
Microsoft Visual Studio Solution File, Format Version 12.00
# Visual Studio Version 17
VisualStudioVersion = 17.0.32126.317
MinimumVisualStudioVersion = 10.0.40219.1
Project("{FAE04EC0-301F-11D3-BF4B-00C04F79EFBC}") = "IteratorsAndComparators", "IteratorsAndComparators\IteratorsAndComparators.csproj", "{9433062A-8B41-42D7-AD96-538442871107}"
EndProject
Global
	GlobalSection(SolutionConfigurationPlatforms) = preSolution
		Debug|Any CPU = Debug|Any CPU
		Release|Any CPU = Release|Any CPU
	EndGlobalSection
	GlobalSection(ProjectConfigurationPlatforms) = postSolution
		{9433062A-8B41-42D7-AD96-538442871107}.Debug|Any CPU.ActiveCfg = Debug|Any CPU
		{9433062A-8B41-42D7-AD96-538442871107}.Debug|Any CPU.Build.0 = Debug|Any CPU
		{9433062A-8B41-42D7-AD96-538442871107}.Release|Any CPU.ActiveCfg = Release|Any CPU
		{9433062A-8B41-42D7-AD96-538442871107}.Release|Any CPU.Build.0 = Release|Any CPU
	EndGlobalSection
	GlobalSection(SolutionProperties) = preSolution
		HideSolutionNode = FALSE
	EndGlobalSection
	GlobalSection(ExtensibilityGlobals) = postSolution
		SolutionGuid = {C6C70AB8-58FC-40CF-BA54-D47A79150523}
	EndGlobalSection
EndGlobal
