
Microsoft Visual Studio Solution File, Format Version 12.00
# Visual Studio Version 17
VisualStudioVersion = 17.0.32112.339
MinimumVisualStudioVersion = 10.0.40219.1
Project("{FAE04EC0-301F-11D3-BF4B-00C04F79EFBC}") = "01.ReverseStrings", "01.ReverseStrings\01.ReverseStrings.csproj", "{8BF1F229-DF88-4472-B3C6-E04E1643A07D}"
EndProject
Project("{FAE04EC0-301F-11D3-BF4B-00C04F79EFBC}") = "02.StackSum", "02.StackSum\02.StackSum.csproj", "{40D0A21D-CDB7-4838-B753-B6886116F39F}"
EndProject
Project("{FAE04EC0-301F-11D3-BF4B-00C04F79EFBC}") = "03.SimpleCalculator", "03.SimpleCalculator\03.SimpleCalculator.csproj", "{F5336683-0B6F-4C8E-AAF3-92070A1C9BF3}"
EndProject
Project("{FAE04EC0-301F-11D3-BF4B-00C04F79EFBC}") = "04.MatchingBrackets", "04.MatchingBrackets\04.MatchingBrackets.csproj", "{01453EC6-BBB8-421B-90D3-6A543ED693EE}"
EndProject
Project("{FAE04EC0-301F-11D3-BF4B-00C04F79EFBC}") = "08.TrafficJam", "08.TrafficJam\08.TrafficJam.csproj", "{363BDDBF-C91E-4918-B0FB-F78BA4D6B44D}"
EndProject
Project("{FAE04EC0-301F-11D3-BF4B-00C04F79EFBC}") = "07.HotPotato", "07.HotPotato\07.HotPotato.csproj", "{0E65C1A3-0654-41D2-9F90-ABEEF50B61B7}"
EndProject
Project("{FAE04EC0-301F-11D3-BF4B-00C04F79EFBC}") = "06.Supermarket", "06.Supermarket\06.Supermarket.csproj", "{5E21F020-B215-4C31-BE64-1FBE21E5AD2E}"
EndProject
Project("{FAE04EC0-301F-11D3-BF4B-00C04F79EFBC}") = "05.PrintEvenNumbers", "05.PrintEvenNumbers\05.PrintEvenNumbers.csproj", "{7570714D-8CCE-4D1D-846E-0C0A687FDC89}"
EndProject
Global
	GlobalSection(SolutionConfigurationPlatforms) = preSolution
		Debug|Any CPU = Debug|Any CPU
		Release|Any CPU = Release|Any CPU
	EndGlobalSection
	GlobalSection(ProjectConfigurationPlatforms) = postSolution
		{8BF1F229-DF88-4472-B3C6-E04E1643A07D}.Debug|Any CPU.ActiveCfg = Debug|Any CPU
		{8BF1F229-DF88-4472-B3C6-E04E1643A07D}.Debug|Any CPU.Build.0 = Debug|Any CPU
		{8BF1F229-DF88-4472-B3C6-E04E1643A07D}.Release|Any CPU.ActiveCfg = Release|Any CPU
		{8BF1F229-DF88-4472-B3C6-E04E1643A07D}.Release|Any CPU.Build.0 = Release|Any CPU
		{40D0A21D-CDB7-4838-B753-B6886116F39F}.Debug|Any CPU.ActiveCfg = Debug|Any CPU
		{40D0A21D-CDB7-4838-B753-B6886116F39F}.Debug|Any CPU.Build.0 = Debug|Any CPU
		{40D0A21D-CDB7-4838-B753-B6886116F39F}.Release|Any CPU.ActiveCfg = Release|Any CPU
		{40D0A21D-CDB7-4838-B753-B6886116F39F}.Release|Any CPU.Build.0 = Release|Any CPU
		{F5336683-0B6F-4C8E-AAF3-92070A1C9BF3}.Debug|Any CPU.ActiveCfg = Debug|Any CPU
		{F5336683-0B6F-4C8E-AAF3-92070A1C9BF3}.Debug|Any CPU.Build.0 = Debug|Any CPU
		{F5336683-0B6F-4C8E-AAF3-92070A1C9BF3}.Release|Any CPU.ActiveCfg = Release|Any CPU
		{F5336683-0B6F-4C8E-AAF3-92070A1C9BF3}.Release|Any CPU.Build.0 = Release|Any CPU
		{01453EC6-BBB8-421B-90D3-6A543ED693EE}.Debug|Any CPU.ActiveCfg = Debug|Any CPU
		{01453EC6-BBB8-421B-90D3-6A543ED693EE}.Debug|Any CPU.Build.0 = Debug|Any CPU
		{01453EC6-BBB8-421B-90D3-6A543ED693EE}.Release|Any CPU.ActiveCfg = Release|Any CPU
		{01453EC6-BBB8-421B-90D3-6A543ED693EE}.Release|Any CPU.Build.0 = Release|Any CPU
		{363BDDBF-C91E-4918-B0FB-F78BA4D6B44D}.Debug|Any CPU.ActiveCfg = Debug|Any CPU
		{363BDDBF-C91E-4918-B0FB-F78BA4D6B44D}.Debug|Any CPU.Build.0 = Debug|Any CPU
		{363BDDBF-C91E-4918-B0FB-F78BA4D6B44D}.Release|Any CPU.ActiveCfg = Release|Any CPU
		{363BDDBF-C91E-4918-B0FB-F78BA4D6B44D}.Release|Any CPU.Build.0 = Release|Any CPU
		{0E65C1A3-0654-41D2-9F90-ABEEF50B61B7}.Debug|Any CPU.ActiveCfg = Debug|Any CPU
		{0E65C1A3-0654-41D2-9F90-ABEEF50B61B7}.Debug|Any CPU.Build.0 = Debug|Any CPU
		{0E65C1A3-0654-41D2-9F90-ABEEF50B61B7}.Release|Any CPU.ActiveCfg = Release|Any CPU
		{0E65C1A3-0654-41D2-9F90-ABEEF50B61B7}.Release|Any CPU.Build.0 = Release|Any CPU
		{5E21F020-B215-4C31-BE64-1FBE21E5AD2E}.Debug|Any CPU.ActiveCfg = Debug|Any CPU
		{5E21F020-B215-4C31-BE64-1FBE21E5AD2E}.Debug|Any CPU.Build.0 = Debug|Any CPU
		{5E21F020-B215-4C31-BE64-1FBE21E5AD2E}.Release|Any CPU.ActiveCfg = Release|Any CPU
		{5E21F020-B215-4C31-BE64-1FBE21E5AD2E}.Release|Any CPU.Build.0 = Release|Any CPU
		{7570714D-8CCE-4D1D-846E-0C0A687FDC89}.Debug|Any CPU.ActiveCfg = Debug|Any CPU
		{7570714D-8CCE-4D1D-846E-0C0A687FDC89}.Debug|Any CPU.Build.0 = Debug|Any CPU
		{7570714D-8CCE-4D1D-846E-0C0A687FDC89}.Release|Any CPU.ActiveCfg = Release|Any CPU
		{7570714D-8CCE-4D1D-846E-0C0A687FDC89}.Release|Any CPU.Build.0 = Release|Any CPU
	EndGlobalSection
	GlobalSection(SolutionProperties) = preSolution
		HideSolutionNode = FALSE
	EndGlobalSection
	GlobalSection(ExtensibilityGlobals) = postSolution
		SolutionGuid = {E71B869B-F918-4EE8-94FC-A2A5609EE7F3}
	EndGlobalSection
EndGlobal
