
Microsoft Visual Studio Solution File, Format Version 12.00
# Visual Studio Version 17
VisualStudioVersion = 17.0.32112.339
MinimumVisualStudioVersion = 10.0.40219.1
Project("{FAE04EC0-301F-11D3-BF4B-00C04F79EFBC}") = "Custom Queue", "Custom Queue\Custom Queue.csproj", "{04F4A764-FDCC-4A62-84D4-83F3BD49D3AB}"
EndProject
Global
	GlobalSection(SolutionConfigurationPlatforms) = preSolution
		Debug|Any CPU = Debug|Any CPU
		Release|Any CPU = Release|Any CPU
	EndGlobalSection
	GlobalSection(ProjectConfigurationPlatforms) = postSolution
		{04F4A764-FDCC-4A62-84D4-83F3BD49D3AB}.Debug|Any CPU.ActiveCfg = Debug|Any CPU
		{04F4A764-FDCC-4A62-84D4-83F3BD49D3AB}.Debug|Any CPU.Build.0 = Debug|Any CPU
		{04F4A764-FDCC-4A62-84D4-83F3BD49D3AB}.Release|Any CPU.ActiveCfg = Release|Any CPU
		{04F4A764-FDCC-4A62-84D4-83F3BD49D3AB}.Release|Any CPU.Build.0 = Release|Any CPU
	EndGlobalSection
	GlobalSection(SolutionProperties) = preSolution
		HideSolutionNode = FALSE
	EndGlobalSection
	GlobalSection(ExtensibilityGlobals) = postSolution
		SolutionGuid = {B2D77280-292F-4469-B679-EC6BFC1A4818}
	EndGlobalSection
EndGlobal
