
Microsoft Visual Studio Solution File, Format Version 12.00
# Visual Studio Version 17
VisualStudioVersion = 17.1.32210.238
MinimumVisualStudioVersion = 10.0.40219.1
Project("{9A19103F-16F7-4668-BE54-9A1E7A4F7556}") = "Farm", "Farm\Farm.csproj", "{05962F70-4477-4649-9371-A3802247AC16}"
EndProject
Project("{FAE04EC0-301F-11D3-BF4B-00C04F79EFBC}") = "RandomList", "RandomList\RandomList.csproj", "{7D5E3222-68E7-4061-9309-77E36C4B0C73}"
EndProject
Project("{FAE04EC0-301F-11D3-BF4B-00C04F79EFBC}") = "StackOfStrings", "StackOfStrings\StackOfStrings.csproj", "{CF4303D0-B875-4A18-81DF-6DAC48D6BCDE}"
EndProject
Global
	GlobalSection(SolutionConfigurationPlatforms) = preSolution
		Debug|Any CPU = Debug|Any CPU
		Release|Any CPU = Release|Any CPU
	EndGlobalSection
	GlobalSection(ProjectConfigurationPlatforms) = postSolution
		{05962F70-4477-4649-9371-A3802247AC16}.Debug|Any CPU.ActiveCfg = Debug|Any CPU
		{05962F70-4477-4649-9371-A3802247AC16}.Debug|Any CPU.Build.0 = Debug|Any CPU
		{05962F70-4477-4649-9371-A3802247AC16}.Release|Any CPU.ActiveCfg = Release|Any CPU
		{05962F70-4477-4649-9371-A3802247AC16}.Release|Any CPU.Build.0 = Release|Any CPU
		{7D5E3222-68E7-4061-9309-77E36C4B0C73}.Debug|Any CPU.ActiveCfg = Debug|Any CPU
		{7D5E3222-68E7-4061-9309-77E36C4B0C73}.Debug|Any CPU.Build.0 = Debug|Any CPU
		{7D5E3222-68E7-4061-9309-77E36C4B0C73}.Release|Any CPU.ActiveCfg = Release|Any CPU
		{7D5E3222-68E7-4061-9309-77E36C4B0C73}.Release|Any CPU.Build.0 = Release|Any CPU
		{CF4303D0-B875-4A18-81DF-6DAC48D6BCDE}.Debug|Any CPU.ActiveCfg = Debug|Any CPU
		{CF4303D0-B875-4A18-81DF-6DAC48D6BCDE}.Debug|Any CPU.Build.0 = Debug|Any CPU
		{CF4303D0-B875-4A18-81DF-6DAC48D6BCDE}.Release|Any CPU.ActiveCfg = Release|Any CPU
		{CF4303D0-B875-4A18-81DF-6DAC48D6BCDE}.Release|Any CPU.Build.0 = Release|Any CPU
	EndGlobalSection
	GlobalSection(SolutionProperties) = preSolution
		HideSolutionNode = FALSE
	EndGlobalSection
	GlobalSection(ExtensibilityGlobals) = postSolution
		SolutionGuid = {C5C8F4FA-535A-4F05-BA14-380A1F28BD7E}
	EndGlobalSection
EndGlobal
