
Microsoft Visual Studio Solution File, Format Version 12.00
# Visual Studio Version 17
VisualStudioVersion = 17.0.32014.148
MinimumVisualStudioVersion = 10.0.40219.1
Project("{FAE04EC0-301F-11D3-BF4B-00C04F79EFBC}") = "04.CenturiesToMinutes", "04.CenturiesToMinutes\04.CenturiesToMinutes.csproj", "{A3AEFBBF-6CCF-48E0-A18A-0FC021EA1731}"
EndProject
Global
	GlobalSection(SolutionConfigurationPlatforms) = preSolution
		Debug|Any CPU = Debug|Any CPU
		Release|Any CPU = Release|Any CPU
	EndGlobalSection
	GlobalSection(ProjectConfigurationPlatforms) = postSolution
		{A3AEFBBF-6CCF-48E0-A18A-0FC021EA1731}.Debug|Any CPU.ActiveCfg = Debug|Any CPU
		{A3AEFBBF-6CCF-48E0-A18A-0FC021EA1731}.Debug|Any CPU.Build.0 = Debug|Any CPU
		{A3AEFBBF-6CCF-48E0-A18A-0FC021EA1731}.Release|Any CPU.ActiveCfg = Release|Any CPU
		{A3AEFBBF-6CCF-48E0-A18A-0FC021EA1731}.Release|Any CPU.Build.0 = Release|Any CPU
	EndGlobalSection
	GlobalSection(SolutionProperties) = preSolution
		HideSolutionNode = FALSE
	EndGlobalSection
	GlobalSection(ExtensibilityGlobals) = postSolution
		SolutionGuid = {14D47D29-93B6-4D4A-9D24-9BBBB8A38AFC}
	EndGlobalSection
EndGlobal
