
Microsoft Visual Studio Solution File, Format Version 12.00
# Visual Studio Version 17
VisualStudioVersion = 17.0.32014.148
MinimumVisualStudioVersion = 10.0.40219.1
Project("{9A19103F-16F7-4668-BE54-9A1E7A4F7556}") = "01.Train", "01.Train\01.Train.csproj", "{657CD972-71B4-4729-B8D6-D947531716F0}"
EndProject
Project("{9A19103F-16F7-4668-BE54-9A1E7A4F7556}") = "02.CommonElements", "02.CommonElements\02.CommonElements.csproj", "{043EB759-C313-4D1F-93F8-528CAC3FA98F}"
EndProject
Project("{FAE04EC0-301F-11D3-BF4B-00C04F79EFBC}") = "03.ZigZagArrays", "03.ZigZagArrays\03.ZigZagArrays.csproj", "{C60F8F5A-91D5-4C77-8104-0EEC01067CF6}"
EndProject
Project("{FAE04EC0-301F-11D3-BF4B-00C04F79EFBC}") = "04.ArrayRotation", "04.ArrayRotation\04.ArrayRotation.csproj", "{76496D16-5DE3-45E8-BAC8-3529B5B514AF}"
EndProject
Project("{FAE04EC0-301F-11D3-BF4B-00C04F79EFBC}") = "05.TopIntegers", "05.TopIntegers\05.TopIntegers.csproj", "{F69B9BEC-5EC2-47C8-9CCE-089E524705CF}"
EndProject
Project("{FAE04EC0-301F-11D3-BF4B-00C04F79EFBC}") = "06.EqualSums", "06.EqualSums\06.EqualSums.csproj", "{EBF441C8-33D2-4CD7-980C-374570425D10}"
EndProject
Project("{FAE04EC0-301F-11D3-BF4B-00C04F79EFBC}") = "07.MaxSequenceOfEqualElements", "07.MaxSequenceOfEqualElements\07.MaxSequenceOfEqualElements.csproj", "{598B32F0-42D5-4351-B5CC-81E9933A4A4A}"
EndProject
Project("{FAE04EC0-301F-11D3-BF4B-00C04F79EFBC}") = "08.MagicSum", "08.MagicSum\08.MagicSum.csproj", "{B06AFF87-E725-4F83-8128-8FA9194626BA}"
EndProject
Project("{FAE04EC0-301F-11D3-BF4B-00C04F79EFBC}") = "09.CaminoFactory", "09.CaminoFactory\09.CaminoFactory.csproj", "{27615B96-9465-4856-B9A5-9BDDCED9A8D7}"
EndProject
Project("{FAE04EC0-301F-11D3-BF4B-00C04F79EFBC}") = "10.Ladybug", "10.Ladybug\10.Ladybug.csproj", "{250EC893-B30A-4C3D-9560-B272CA14DB63}"
EndProject
Global
	GlobalSection(SolutionConfigurationPlatforms) = preSolution
		Debug|Any CPU = Debug|Any CPU
		Release|Any CPU = Release|Any CPU
	EndGlobalSection
	GlobalSection(ProjectConfigurationPlatforms) = postSolution
		{657CD972-71B4-4729-B8D6-D947531716F0}.Debug|Any CPU.ActiveCfg = Debug|Any CPU
		{657CD972-71B4-4729-B8D6-D947531716F0}.Debug|Any CPU.Build.0 = Debug|Any CPU
		{657CD972-71B4-4729-B8D6-D947531716F0}.Release|Any CPU.ActiveCfg = Release|Any CPU
		{657CD972-71B4-4729-B8D6-D947531716F0}.Release|Any CPU.Build.0 = Release|Any CPU
		{043EB759-C313-4D1F-93F8-528CAC3FA98F}.Debug|Any CPU.ActiveCfg = Debug|Any CPU
		{043EB759-C313-4D1F-93F8-528CAC3FA98F}.Debug|Any CPU.Build.0 = Debug|Any CPU
		{043EB759-C313-4D1F-93F8-528CAC3FA98F}.Release|Any CPU.ActiveCfg = Release|Any CPU
		{043EB759-C313-4D1F-93F8-528CAC3FA98F}.Release|Any CPU.Build.0 = Release|Any CPU
		{C60F8F5A-91D5-4C77-8104-0EEC01067CF6}.Debug|Any CPU.ActiveCfg = Debug|Any CPU
		{C60F8F5A-91D5-4C77-8104-0EEC01067CF6}.Debug|Any CPU.Build.0 = Debug|Any CPU
		{C60F8F5A-91D5-4C77-8104-0EEC01067CF6}.Release|Any CPU.ActiveCfg = Release|Any CPU
		{C60F8F5A-91D5-4C77-8104-0EEC01067CF6}.Release|Any CPU.Build.0 = Release|Any CPU
		{76496D16-5DE3-45E8-BAC8-3529B5B514AF}.Debug|Any CPU.ActiveCfg = Debug|Any CPU
		{76496D16-5DE3-45E8-BAC8-3529B5B514AF}.Debug|Any CPU.Build.0 = Debug|Any CPU
		{76496D16-5DE3-45E8-BAC8-3529B5B514AF}.Release|Any CPU.ActiveCfg = Release|Any CPU
		{76496D16-5DE3-45E8-BAC8-3529B5B514AF}.Release|Any CPU.Build.0 = Release|Any CPU
		{F69B9BEC-5EC2-47C8-9CCE-089E524705CF}.Debug|Any CPU.ActiveCfg = Debug|Any CPU
		{F69B9BEC-5EC2-47C8-9CCE-089E524705CF}.Debug|Any CPU.Build.0 = Debug|Any CPU
		{F69B9BEC-5EC2-47C8-9CCE-089E524705CF}.Release|Any CPU.ActiveCfg = Release|Any CPU
		{F69B9BEC-5EC2-47C8-9CCE-089E524705CF}.Release|Any CPU.Build.0 = Release|Any CPU
		{EBF441C8-33D2-4CD7-980C-374570425D10}.Debug|Any CPU.ActiveCfg = Debug|Any CPU
		{EBF441C8-33D2-4CD7-980C-374570425D10}.Debug|Any CPU.Build.0 = Debug|Any CPU
		{EBF441C8-33D2-4CD7-980C-374570425D10}.Release|Any CPU.ActiveCfg = Release|Any CPU
		{EBF441C8-33D2-4CD7-980C-374570425D10}.Release|Any CPU.Build.0 = Release|Any CPU
		{598B32F0-42D5-4351-B5CC-81E9933A4A4A}.Debug|Any CPU.ActiveCfg = Debug|Any CPU
		{598B32F0-42D5-4351-B5CC-81E9933A4A4A}.Debug|Any CPU.Build.0 = Debug|Any CPU
		{598B32F0-42D5-4351-B5CC-81E9933A4A4A}.Release|Any CPU.ActiveCfg = Release|Any CPU
		{598B32F0-42D5-4351-B5CC-81E9933A4A4A}.Release|Any CPU.Build.0 = Release|Any CPU
		{B06AFF87-E725-4F83-8128-8FA9194626BA}.Debug|Any CPU.ActiveCfg = Debug|Any CPU
		{B06AFF87-E725-4F83-8128-8FA9194626BA}.Debug|Any CPU.Build.0 = Debug|Any CPU
		{B06AFF87-E725-4F83-8128-8FA9194626BA}.Release|Any CPU.ActiveCfg = Release|Any CPU
		{B06AFF87-E725-4F83-8128-8FA9194626BA}.Release|Any CPU.Build.0 = Release|Any CPU
		{27615B96-9465-4856-B9A5-9BDDCED9A8D7}.Debug|Any CPU.ActiveCfg = Debug|Any CPU
		{27615B96-9465-4856-B9A5-9BDDCED9A8D7}.Debug|Any CPU.Build.0 = Debug|Any CPU
		{27615B96-9465-4856-B9A5-9BDDCED9A8D7}.Release|Any CPU.ActiveCfg = Release|Any CPU
		{27615B96-9465-4856-B9A5-9BDDCED9A8D7}.Release|Any CPU.Build.0 = Release|Any CPU
		{250EC893-B30A-4C3D-9560-B272CA14DB63}.Debug|Any CPU.ActiveCfg = Debug|Any CPU
		{250EC893-B30A-4C3D-9560-B272CA14DB63}.Debug|Any CPU.Build.0 = Debug|Any CPU
		{250EC893-B30A-4C3D-9560-B272CA14DB63}.Release|Any CPU.ActiveCfg = Release|Any CPU
		{250EC893-B30A-4C3D-9560-B272CA14DB63}.Release|Any CPU.Build.0 = Release|Any CPU
	EndGlobalSection
	GlobalSection(SolutionProperties) = preSolution
		HideSolutionNode = FALSE
	EndGlobalSection
	GlobalSection(ExtensibilityGlobals) = postSolution
		SolutionGuid = {E436A7D1-B858-4EB6-BD25-54B1FB110811}
	EndGlobalSection
EndGlobal
