
Microsoft Visual Studio Solution File, Format Version 12.00
# Visual Studio Version 17
VisualStudioVersion = 17.0.32014.148
MinimumVisualStudioVersion = 10.0.40219.1
Project("{FAE04EC0-301F-11D3-BF4B-00C04F79EFBC}") = "05.Login", "05.Login\05.Login.csproj", "{46A65723-615D-4D1B-8936-8864AB1FEF74}"
EndProject
Global
	GlobalSection(SolutionConfigurationPlatforms) = preSolution
		Debug|Any CPU = Debug|Any CPU
		Release|Any CPU = Release|Any CPU
	EndGlobalSection
	GlobalSection(ProjectConfigurationPlatforms) = postSolution
		{46A65723-615D-4D1B-8936-8864AB1FEF74}.Debug|Any CPU.ActiveCfg = Debug|Any CPU
		{46A65723-615D-4D1B-8936-8864AB1FEF74}.Debug|Any CPU.Build.0 = Debug|Any CPU
		{46A65723-615D-4D1B-8936-8864AB1FEF74}.Release|Any CPU.ActiveCfg = Release|Any CPU
		{46A65723-615D-4D1B-8936-8864AB1FEF74}.Release|Any CPU.Build.0 = Release|Any CPU
	EndGlobalSection
	GlobalSection(SolutionProperties) = preSolution
		HideSolutionNode = FALSE
	EndGlobalSection
	GlobalSection(ExtensibilityGlobals) = postSolution
		SolutionGuid = {214E4D3E-837B-4055-8A6F-046D5BC9C94F}
	EndGlobalSection
EndGlobal
