
Microsoft Visual Studio Solution File, Format Version 12.00
# Visual Studio Version 17
VisualStudioVersion = 17.5.33627.172
MinimumVisualStudioVersion = 10.0.40219.1
Project("{FAE04EC0-301F-11D3-BF4B-00C04F79EFBC}") = "07. Custom Data Structures", "07. Custom Data Structures\07. Custom Data Structures.csproj", "{5F66D165-F933-47B7-B1DE-3A3683694377}"
EndProject
Global
	GlobalSection(SolutionConfigurationPlatforms) = preSolution
		Debug|Any CPU = Debug|Any CPU
		Release|Any CPU = Release|Any CPU
	EndGlobalSection
	GlobalSection(ProjectConfigurationPlatforms) = postSolution
		{5F66D165-F933-47B7-B1DE-3A3683694377}.Debug|Any CPU.ActiveCfg = Debug|Any CPU
		{5F66D165-F933-47B7-B1DE-3A3683694377}.Debug|Any CPU.Build.0 = Debug|Any CPU
		{5F66D165-F933-47B7-B1DE-3A3683694377}.Release|Any CPU.ActiveCfg = Release|Any CPU
		{5F66D165-F933-47B7-B1DE-3A3683694377}.Release|Any CPU.Build.0 = Release|Any CPU
	EndGlobalSection
	GlobalSection(SolutionProperties) = preSolution
		HideSolutionNode = FALSE
	EndGlobalSection
	GlobalSection(ExtensibilityGlobals) = postSolution
		SolutionGuid = {2FB97794-D62E-442C-988C-1FF1432C5E64}
	EndGlobalSection
EndGlobal
