
Microsoft Visual Studio Solution File, Format Version 12.00
# Visual Studio Version 17
VisualStudioVersion = 17.0.32014.148
MinimumVisualStudioVersion = 10.0.40219.1
Project("{FAE04EC0-301F-11D3-BF4B-00C04F79EFBC}") = "02.Passed", "02.Passed\02.Passed.csproj", "{51933376-EB4F-40DD-8D05-317B02646C6C}"
EndProject
Global
	GlobalSection(SolutionConfigurationPlatforms) = preSolution
		Debug|Any CPU = Debug|Any CPU
		Release|Any CPU = Release|Any CPU
	EndGlobalSection
	GlobalSection(ProjectConfigurationPlatforms) = postSolution
		{51933376-EB4F-40DD-8D05-317B02646C6C}.Debug|Any CPU.ActiveCfg = Debug|Any CPU
		{51933376-EB4F-40DD-8D05-317B02646C6C}.Debug|Any CPU.Build.0 = Debug|Any CPU
		{51933376-EB4F-40DD-8D05-317B02646C6C}.Release|Any CPU.ActiveCfg = Release|Any CPU
		{51933376-EB4F-40DD-8D05-317B02646C6C}.Release|Any CPU.Build.0 = Release|Any CPU
	EndGlobalSection
	GlobalSection(SolutionProperties) = preSolution
		HideSolutionNode = FALSE
	EndGlobalSection
	GlobalSection(ExtensibilityGlobals) = postSolution
		SolutionGuid = {591DDC43-BB95-45EA-99A1-E507EAC4197C}
	EndGlobalSection
EndGlobal
