
Microsoft Visual Studio Solution File, Format Version 12.00
# Visual Studio Version 17
VisualStudioVersion = 17.0.32014.148
MinimumVisualStudioVersion = 10.0.40219.1
Project("{FAE04EC0-301F-11D3-BF4B-00C04F79EFBC}") = "02.SumDigits", "02.SumDigits\02.SumDigits.csproj", "{DBFB707B-4489-4634-9311-2816F623CA18}"
EndProject
Global
	GlobalSection(SolutionConfigurationPlatforms) = preSolution
		Debug|Any CPU = Debug|Any CPU
		Release|Any CPU = Release|Any CPU
	EndGlobalSection
	GlobalSection(ProjectConfigurationPlatforms) = postSolution
		{DBFB707B-4489-4634-9311-2816F623CA18}.Debug|Any CPU.ActiveCfg = Debug|Any CPU
		{DBFB707B-4489-4634-9311-2816F623CA18}.Debug|Any CPU.Build.0 = Debug|Any CPU
		{DBFB707B-4489-4634-9311-2816F623CA18}.Release|Any CPU.ActiveCfg = Release|Any CPU
		{DBFB707B-4489-4634-9311-2816F623CA18}.Release|Any CPU.Build.0 = Release|Any CPU
	EndGlobalSection
	GlobalSection(SolutionProperties) = preSolution
		HideSolutionNode = FALSE
	EndGlobalSection
	GlobalSection(ExtensibilityGlobals) = postSolution
		SolutionGuid = {A4F56F59-3FC3-4798-A6AD-F7AA477E8FC8}
	EndGlobalSection
EndGlobal
