
Microsoft Visual Studio Solution File, Format Version 12.00
# Visual Studio Version 17
VisualStudioVersion = 17.0.32014.148
MinimumVisualStudioVersion = 10.0.40219.1
Project("{FAE04EC0-301F-11D3-BF4B-00C04F79EFBC}") = "09.CharsToString", "09.CharsToString\09.CharsToString.csproj", "{328C3C56-1D12-4F56-B9A8-477D78C60759}"
EndProject
Global
	GlobalSection(SolutionConfigurationPlatforms) = preSolution
		Debug|Any CPU = Debug|Any CPU
		Release|Any CPU = Release|Any CPU
	EndGlobalSection
	GlobalSection(ProjectConfigurationPlatforms) = postSolution
		{328C3C56-1D12-4F56-B9A8-477D78C60759}.Debug|Any CPU.ActiveCfg = Debug|Any CPU
		{328C3C56-1D12-4F56-B9A8-477D78C60759}.Debug|Any CPU.Build.0 = Debug|Any CPU
		{328C3C56-1D12-4F56-B9A8-477D78C60759}.Release|Any CPU.ActiveCfg = Release|Any CPU
		{328C3C56-1D12-4F56-B9A8-477D78C60759}.Release|Any CPU.Build.0 = Release|Any CPU
	EndGlobalSection
	GlobalSection(SolutionProperties) = preSolution
		HideSolutionNode = FALSE
	EndGlobalSection
	GlobalSection(ExtensibilityGlobals) = postSolution
		SolutionGuid = {E347EE4E-189D-4330-8338-93DCBD36AC74}
	EndGlobalSection
EndGlobal
