
Microsoft Visual Studio Solution File, Format Version 12.00
# Visual Studio Version 17
VisualStudioVersion = 17.0.32126.317
MinimumVisualStudioVersion = 10.0.40219.1
Project("{FAE04EC0-301F-11D3-BF4B-00C04F79EFBC}") = "01.MasterChef", "01.MasterChef\01.MasterChef.csproj", "{5955C74C-A7EB-45FE-9BA9-90858DCE53AF}"
EndProject
Project("{FAE04EC0-301F-11D3-BF4B-00C04F79EFBC}") = "02.Survivor", "02.Survivor\02.Survivor.csproj", "{4F9E4827-D22D-4D37-A164-9D960A58D568}"
EndProject
Global
	GlobalSection(SolutionConfigurationPlatforms) = preSolution
		Debug|Any CPU = Debug|Any CPU
		Release|Any CPU = Release|Any CPU
	EndGlobalSection
	GlobalSection(ProjectConfigurationPlatforms) = postSolution
		{5955C74C-A7EB-45FE-9BA9-90858DCE53AF}.Debug|Any CPU.ActiveCfg = Debug|Any CPU
		{5955C74C-A7EB-45FE-9BA9-90858DCE53AF}.Debug|Any CPU.Build.0 = Debug|Any CPU
		{5955C74C-A7EB-45FE-9BA9-90858DCE53AF}.Release|Any CPU.ActiveCfg = Release|Any CPU
		{5955C74C-A7EB-45FE-9BA9-90858DCE53AF}.Release|Any CPU.Build.0 = Release|Any CPU
		{4F9E4827-D22D-4D37-A164-9D960A58D568}.Debug|Any CPU.ActiveCfg = Debug|Any CPU
		{4F9E4827-D22D-4D37-A164-9D960A58D568}.Debug|Any CPU.Build.0 = Debug|Any CPU
		{4F9E4827-D22D-4D37-A164-9D960A58D568}.Release|Any CPU.ActiveCfg = Release|Any CPU
		{4F9E4827-D22D-4D37-A164-9D960A58D568}.Release|Any CPU.Build.0 = Release|Any CPU
	EndGlobalSection
	GlobalSection(SolutionProperties) = preSolution
		HideSolutionNode = FALSE
	EndGlobalSection
	GlobalSection(ExtensibilityGlobals) = postSolution
		SolutionGuid = {5036C3F9-F291-4DBF-9263-30205747DCBD}
	EndGlobalSection
EndGlobal
