
Microsoft Visual Studio Solution File, Format Version 12.00
# Visual Studio Version 17
VisualStudioVersion = 17.5.33516.290
MinimumVisualStudioVersion = 10.0.40219.1
Project("{FAE04EC0-301F-11D3-BF4B-00C04F79EFBC}") = "FinalExam", "FinalExam\FinalExam.csproj", "{CAEABC50-10B4-4A47-94A1-A8B0129AD83F}"
EndProject
Global
	GlobalSection(SolutionConfigurationPlatforms) = preSolution
		Debug|Any CPU = Debug|Any CPU
		Release|Any CPU = Release|Any CPU
	EndGlobalSection
	GlobalSection(ProjectConfigurationPlatforms) = postSolution
		{CAEABC50-10B4-4A47-94A1-A8B0129AD83F}.Debug|Any CPU.ActiveCfg = Debug|Any CPU
		{CAEABC50-10B4-4A47-94A1-A8B0129AD83F}.Debug|Any CPU.Build.0 = Debug|Any CPU
		{CAEABC50-10B4-4A47-94A1-A8B0129AD83F}.Release|Any CPU.ActiveCfg = Release|Any CPU
		{CAEABC50-10B4-4A47-94A1-A8B0129AD83F}.Release|Any CPU.Build.0 = Release|Any CPU
	EndGlobalSection
	GlobalSection(SolutionProperties) = preSolution
		HideSolutionNode = FALSE
	EndGlobalSection
	GlobalSection(ExtensibilityGlobals) = postSolution
		SolutionGuid = {DA72BAC6-77E9-4F0F-B24C-6BCA3791E847}
	EndGlobalSection
EndGlobal
