
Microsoft Visual Studio Solution File, Format Version 12.00
# Visual Studio Version 17
VisualStudioVersion = 17.1.32210.238
MinimumVisualStudioVersion = 10.0.40219.1
Project("{FAE04EC0-301F-11D3-BF4B-00C04F79EFBC}") = "01.Persons", "01.Persons\01.Persons.csproj", "{DEB52BC6-05C5-456C-8393-E93CBD1D7F47}"
EndProject
Global
	GlobalSection(SolutionConfigurationPlatforms) = preSolution
		Debug|Any CPU = Debug|Any CPU
		Release|Any CPU = Release|Any CPU
	EndGlobalSection
	GlobalSection(ProjectConfigurationPlatforms) = postSolution
		{DEB52BC6-05C5-456C-8393-E93CBD1D7F47}.Debug|Any CPU.ActiveCfg = Debug|Any CPU
		{DEB52BC6-05C5-456C-8393-E93CBD1D7F47}.Debug|Any CPU.Build.0 = Debug|Any CPU
		{DEB52BC6-05C5-456C-8393-E93CBD1D7F47}.Release|Any CPU.ActiveCfg = Release|Any CPU
		{DEB52BC6-05C5-456C-8393-E93CBD1D7F47}.Release|Any CPU.Build.0 = Release|Any CPU
	EndGlobalSection
	GlobalSection(SolutionProperties) = preSolution
		HideSolutionNode = FALSE
	EndGlobalSection
	GlobalSection(ExtensibilityGlobals) = postSolution
		SolutionGuid = {8FF2259F-0240-4BAE-8F82-DA8B745BA75F}
	EndGlobalSection
EndGlobal
