
Microsoft Visual Studio Solution File, Format Version 12.00
# Visual Studio Version 17
VisualStudioVersion = 17.0.32112.339
MinimumVisualStudioVersion = 10.0.40219.1
Project("{FAE04EC0-301F-11D3-BF4B-00C04F79EFBC}") = "01.Box", "01.Box\01.Box.csproj", "{AD97EB18-6BD9-476B-AD17-143D2CBA9BF0}"
EndProject
Project("{FAE04EC0-301F-11D3-BF4B-00C04F79EFBC}") = "02.ArrayCreator", "02.ArrayCreator\02.ArrayCreator.csproj", "{30B9F8DA-D865-4FCE-AD7D-C02B14379970}"
EndProject
Project("{FAE04EC0-301F-11D3-BF4B-00C04F79EFBC}") = "03.GenericScale", "03.GenericScale\03.GenericScale.csproj", "{272B1FFA-F577-40C7-BCF7-2CE11ACBB231}"
EndProject
Global
	GlobalSection(SolutionConfigurationPlatforms) = preSolution
		Debug|Any CPU = Debug|Any CPU
		Release|Any CPU = Release|Any CPU
	EndGlobalSection
	GlobalSection(ProjectConfigurationPlatforms) = postSolution
		{AD97EB18-6BD9-476B-AD17-143D2CBA9BF0}.Debug|Any CPU.ActiveCfg = Debug|Any CPU
		{AD97EB18-6BD9-476B-AD17-143D2CBA9BF0}.Debug|Any CPU.Build.0 = Debug|Any CPU
		{AD97EB18-6BD9-476B-AD17-143D2CBA9BF0}.Release|Any CPU.ActiveCfg = Release|Any CPU
		{AD97EB18-6BD9-476B-AD17-143D2CBA9BF0}.Release|Any CPU.Build.0 = Release|Any CPU
		{30B9F8DA-D865-4FCE-AD7D-C02B14379970}.Debug|Any CPU.ActiveCfg = Debug|Any CPU
		{30B9F8DA-D865-4FCE-AD7D-C02B14379970}.Debug|Any CPU.Build.0 = Debug|Any CPU
		{30B9F8DA-D865-4FCE-AD7D-C02B14379970}.Release|Any CPU.ActiveCfg = Release|Any CPU
		{30B9F8DA-D865-4FCE-AD7D-C02B14379970}.Release|Any CPU.Build.0 = Release|Any CPU
		{272B1FFA-F577-40C7-BCF7-2CE11ACBB231}.Debug|Any CPU.ActiveCfg = Debug|Any CPU
		{272B1FFA-F577-40C7-BCF7-2CE11ACBB231}.Debug|Any CPU.Build.0 = Debug|Any CPU
		{272B1FFA-F577-40C7-BCF7-2CE11ACBB231}.Release|Any CPU.ActiveCfg = Release|Any CPU
		{272B1FFA-F577-40C7-BCF7-2CE11ACBB231}.Release|Any CPU.Build.0 = Release|Any CPU
	EndGlobalSection
	GlobalSection(SolutionProperties) = preSolution
		HideSolutionNode = FALSE
	EndGlobalSection
	GlobalSection(ExtensibilityGlobals) = postSolution
		SolutionGuid = {D1A4B91C-D842-4A45-9ACE-D9F5D894E07F}
	EndGlobalSection
EndGlobal
