
Microsoft Visual Studio Solution File, Format Version 12.00
# Visual Studio Version 17
VisualStudioVersion = 17.0.32014.148
MinimumVisualStudioVersion = 10.0.40219.1
Project("{FAE04EC0-301F-11D3-BF4B-00C04F79EFBC}") = "09.SumOfOddNumbers", "09.SumOfOddNumbers\09.SumOfOddNumbers.csproj", "{420B78EC-6797-45B9-A880-743F37FF02F5}"
EndProject
Global
	GlobalSection(SolutionConfigurationPlatforms) = preSolution
		Debug|Any CPU = Debug|Any CPU
		Release|Any CPU = Release|Any CPU
	EndGlobalSection
	GlobalSection(ProjectConfigurationPlatforms) = postSolution
		{420B78EC-6797-45B9-A880-743F37FF02F5}.Debug|Any CPU.ActiveCfg = Debug|Any CPU
		{420B78EC-6797-45B9-A880-743F37FF02F5}.Debug|Any CPU.Build.0 = Debug|Any CPU
		{420B78EC-6797-45B9-A880-743F37FF02F5}.Release|Any CPU.ActiveCfg = Release|Any CPU
		{420B78EC-6797-45B9-A880-743F37FF02F5}.Release|Any CPU.Build.0 = Release|Any CPU
	EndGlobalSection
	GlobalSection(SolutionProperties) = preSolution
		HideSolutionNode = FALSE
	EndGlobalSection
	GlobalSection(ExtensibilityGlobals) = postSolution
		SolutionGuid = {0080B18B-5044-44F2-B6CD-090AB917C823}
	EndGlobalSection
EndGlobal
