
Microsoft Visual Studio Solution File, Format Version 12.00
# Visual Studio Version 17
VisualStudioVersion = 17.0.32126.317
MinimumVisualStudioVersion = 10.0.40219.1
Project("{FAE04EC0-301F-11D3-BF4B-00C04F79EFBC}") = "01.WarmWinter", "01.WarmWinter\01.WarmWinter.csproj", "{112FB9AD-1A94-4D55-BE17-062DAED61447}"
EndProject
Project("{FAE04EC0-301F-11D3-BF4B-00C04F79EFBC}") = "02.SuperMario", "02.SuperMario\02.SuperMario.csproj", "{167D746D-1DB8-48CE-BF0D-CA32F7F88468}"
EndProject
Global
	GlobalSection(SolutionConfigurationPlatforms) = preSolution
		Debug|Any CPU = Debug|Any CPU
		Release|Any CPU = Release|Any CPU
	EndGlobalSection
	GlobalSection(ProjectConfigurationPlatforms) = postSolution
		{112FB9AD-1A94-4D55-BE17-062DAED61447}.Debug|Any CPU.ActiveCfg = Debug|Any CPU
		{112FB9AD-1A94-4D55-BE17-062DAED61447}.Debug|Any CPU.Build.0 = Debug|Any CPU
		{112FB9AD-1A94-4D55-BE17-062DAED61447}.Release|Any CPU.ActiveCfg = Release|Any CPU
		{112FB9AD-1A94-4D55-BE17-062DAED61447}.Release|Any CPU.Build.0 = Release|Any CPU
		{167D746D-1DB8-48CE-BF0D-CA32F7F88468}.Debug|Any CPU.ActiveCfg = Debug|Any CPU
		{167D746D-1DB8-48CE-BF0D-CA32F7F88468}.Debug|Any CPU.Build.0 = Debug|Any CPU
		{167D746D-1DB8-48CE-BF0D-CA32F7F88468}.Release|Any CPU.ActiveCfg = Release|Any CPU
		{167D746D-1DB8-48CE-BF0D-CA32F7F88468}.Release|Any CPU.Build.0 = Release|Any CPU
	EndGlobalSection
	GlobalSection(SolutionProperties) = preSolution
		HideSolutionNode = FALSE
	EndGlobalSection
	GlobalSection(ExtensibilityGlobals) = postSolution
		SolutionGuid = {B2BE6D44-CB5C-4F8A-8D93-8F5B1499C783}
	EndGlobalSection
EndGlobal
